{"SurveyEntry":{"SurveyID":"SV_24RffwBkDexSKGN","SurveyName":"KaiRx Usability Survey and Feedback - Control","SurveyDescription":null,"SurveyOwnerID":"UR_5tAAcvwrQvg6Nhz","SurveyBrandID":"duke","DivisionID":null,"SurveyLanguage":"EN","SurveyActiveResponseSet":"RS_cvhE9UpBK6tnzU1","SurveyStatus":"Inactive","SurveyStartDate":"0000-00-00 00:00:00","SurveyExpirationDate":"0000-00-00 00:00:00","SurveyCreationDate":"2016-06-15 16:03:18","CreatorID":"UR_5tAAcvwrQvg6Nhz","LastModified":"2016-07-11 07:04:46","LastAccessed":"0000-00-00 00:00:00","LastActivated":"2016-06-15 16:08:13","Deleted":null},"SurveyElements":[{"SurveyID":"SV_24RffwBkDexSKGN","Element":"BL","PrimaryAttribute":"Survey Blocks","SecondaryAttribute":null,"TertiaryAttribute":null,"Payload":[{"Type":"Default","Description":"Default Question Block","ID":"BL_8oIJML7ecvsZiG9","BlockElements":[{"Type":"Question","QuestionID":"QID1"},{"Type":"Question","QuestionID":"QID3"},{"Type":"Question","QuestionID":"QID4"},{"Type":"Question","QuestionID":"QID5"},{"Type":"Question","QuestionID":"QID6"}]},{"Type":"Trash","Description":"Trash \/ Unused Questions","ID":"BL_38mSex0qhXMmfRP","BlockElements":[{"Type":"Question","QuestionID":"QID8"},{"Type":"Question","QuestionID":"QID9"},{"Type":"Question","QuestionID":"QID10"},{"Type":"Question","QuestionID":"QID2"},{"Type":"Question","QuestionID":"QID7"}]}]},{"SurveyID":"SV_24RffwBkDexSKGN","Element":"FL","PrimaryAttribute":"Survey Flow","SecondaryAttribute":null,"TertiaryAttribute":null,"Payload":{"Type":"Root","FlowID":"FL_1","Flow":[{"Type":"Block","ID":"BL_8oIJML7ecvsZiG9","FlowID":"FL_2"},{"Type":"EndSurvey","FlowID":"FL_5","EndingType":"Advanced","Options":{"Advanced":"true","SurveyTermination":"DisplayMessage","EOSMessageLibrary":"UR_5tAAcvwrQvg6Nhz","EOSMessage":"MS_esXjRC7cUcYSd6Z"}}],"Properties":{"Count":5}}},{"SurveyID":"SV_24RffwBkDexSKGN","Element":"SO","PrimaryAttribute":"Survey Options","SecondaryAttribute":null,"TertiaryAttribute":null,"Payload":{"BackButton":"false","SaveAndContinue":"true","SurveyProtection":"PublicSurvey","BallotBoxStuffingPrevention":"false","NoIndex":"Yes","SecureResponseFiles":"true","SurveyExpiration":"None","SurveyTermination":"DefaultMessage","Header":"","Footer":"","ProgressBarDisplay":"None","PartialData":"+1 week","ValidationMessage":"","PreviousButton":"  <<  ","NextButton":"  >>  ","SkinLibrary":"duke","SkinType":"MQ","Skin":"duke-v1","NewScoring":1,"libraryId":"","nextButtonMid":"","previousButtonMid":"","headerMid":"","footerMid":"","QuestionsPerPage":"","PageTransition":"Fade","ExternalCSS":null,"CustomStyles":{"errorStyles":{"selector":".Skin .ValidationError","styles":{"color":null,"backgroundColor":null,"borderColor":null}},"errorStylesBG":{"selector":".Skin .HeaderValidationError, .Skin .HeaderValidationError li a","styles":{"color":null,"backgroundColor":null}},"pageStyles":{"selector":"#SurveyEngineBody","styles":{"backgroundColor":null}},"textStyles":{"selector":".SkinInner","styles":{"fontFamily":null,"fontSize":null,"fontWeight":null,"fontStyle":null,"textDecoration":null,"color":null}},"questionStyles":{"selector":".Skin .QuestionText","styles":{"fontFamily":null,"fontSize":null,"fontWeight":null,"fontStyle":null,"textDecoration":null,"color":null}},"choiceStyles":{"selector":".Skin .horizontalbar th.ylabel, .Skin .Matrix table td, .Skin .Matrix table th, .Skin .Matrix table thead th, .Skin .Matrix table thead td, .Skin .PGR .DragAndDrop .Items label, .Skin .QuestionBody ul.ChoiceStructure, .Skin .PGR .DragAndDrop .Group ul, .Skin .PGR .DragAndDrop .Group h2, .Skin .PGR .DragAndDrop .Items ul, .Skin .PGR .DragAndDrop .Items h2, .Skin .DD .QuestionBody table.ChoiceStructure, .Skin .PGR .DragAndDrop .NoColumns td.groupsContainerTd div ul, .Skin .PGR .DragAndDrop .NoColumns td.groupsContainerTd div h2, .Skin .SBS thead th, .Skin .SBS td, .Skin .SBS .Answers td, .Skin .SBS .Answers th, .SBS table.ChoiceStructure, .Skin .horizontalbar thead table.LabelDescriptions tr td, .Skin .horizontalbar thead tr td.NotApplicable, .QuestionBody th, .Skin .QuestionBody .MC .MAVR label, .Skin .QuestionBody .MC .SAVR label, .Skin .SBS thead th, .Skin .SBS td, .Skin .RO .DND ul li, .Skin .reg, .SkinInner .ChoiceStructure, .Skin thead, .Skin .GAP .ChoiceStructure thead th, .Skin .GAP .ChoiceStructure .c4, .Skin .GAP .ChoiceStructure th, .Skin .GAP .ChoiceStructure .WhyText, .SkinInner .ChoiceStructure .LightBG, .Skin .QuestionOuter.Highlight .Inner .reg, .Skin .QuestionOuter.Highlight .Inner .alt, .Skin .QuestionOuter.Highlight .Inner .ReadableAlt       ","styles":{"fontFamily":null,"fontSize":null,"fontWeight":null,"fontStyle":null,"textDecoration":null,"color":null}},"headerStyles":{"selector":".Skin div#Header","styles":{"color":null}},"footerStyles":{"selector":".Skin #Footer","styles":{"color":null}},"questionSeparatorStyles":{"selector":".Skin .Separator","styles":{"backgroundColor":null,"display":null}},"highlightStyles":{"selector":".Skin .QuestionOuter.Highlight .Inner, .Skin .QuestionOuter.Highlight .Inner .reg, .Skin .QuestionOuter.Highlight .Inner .alt, .Skin .QuestionOuter.Highlight .Inner .ReadableAlt","styles":{"backgroundColor":null}},"highlightStylesAlt":{"selector":".Skin .QuestionOuter.Highlight .Inner .ReadableAlt, .Skin .QuestionOuter.Highlight .Inner .LightBG","styles":{"backgroundColor":null}},"textEntryStyles":{"selector":".Skin select, .Skin .InputText","styles":{"color":null}},"borderStyles":{"selector":".Skin .CS .horizontalbar table.sliderGrid tr.xlabel th, .Skin .CS .horizontalbar .ylabel, .Skin .CS .horizontalbar table.sliderGrid tr td.value, .Skin .Slider .horizontalbar table.sliderGrid tr.xlabel th, .Skin .BorderColor, .Skin .DarkBorderColor, .Skin .Slider .horizontalbar table.sliderGrid tr td.value, .Skin thead, .Skin .GAP .ChoiceStructure thead th  ","styles":{"borderColor":null}},"altRowStyles":{"selector":".Skin .ReadableAlt, .Skin .LightBG","styles":{"backgroundColor":null}},"customCSS":null},"HighlightQuestions":"off","ProtectSelectionIds":true}},{"SurveyID":"SV_24RffwBkDexSKGN","Element":"SCO","PrimaryAttribute":"Scoring","SecondaryAttribute":null,"TertiaryAttribute":null,"Payload":{"ScoringCategories":[],"ScoringCategoryGroups":[],"ScoringSummaryCategory":null,"ScoringSummaryAfterQuestions":0,"ScoringSummaryAfterSurvey":0,"DefaultScoringCategory":null,"AutoScoringCategory":null}},{"SurveyID":"SV_24RffwBkDexSKGN","Element":"STAT","PrimaryAttribute":"Survey Statistics","SecondaryAttribute":null,"TertiaryAttribute":null,"Payload":{"MobileCompatible":true,"ID":"Survey Statistics"}},{"SurveyID":"SV_24RffwBkDexSKGN","Element":"QC","PrimaryAttribute":"Survey Question Count","SecondaryAttribute":"10","TertiaryAttribute":null,"Payload":null},{"SurveyID":"SV_24RffwBkDexSKGN","Element":"SQ","PrimaryAttribute":"QID4","SecondaryAttribute":"Cognitive Workload (NASA-TLX)","TertiaryAttribute":null,"Payload":{"QuestionText":"<span style=\"font-family: Calibri;\"><span style=\"font-size: 18px;\"><strong>Cognitive Workload (NASA-TLX)<\/strong><\/span><\/span>","DefaultChoices":false,"DataExportTag":"Q4","QuestionType":"Matrix","Selector":"Likert","SubSelector":"SingleAnswer","Configuration":{"QuestionDescriptionOption":"UseText","TextPosition":"inline","ChoiceColumnWidth":25,"RepeatHeaders":"none","WhiteSpace":"OFF","MobileFirst":true},"QuestionDescription":"Cognitive Workload (NASA-TLX)","Choices":{"1":{"Display":"How mentally demanding was the task?"},"2":{"Display":"How much time pressure did you feel?"},"3":{"Display":"How successful were you in accomplishing what you were asked to do?"},"4":{"Display":"How hard did you have to work to accomplish your level of performance?"},"5":{"Display":"How insecure, discouraged, irritated, stressed, and annoyed were you?"}},"ChoiceOrder":[1,2,3,4,5],"Validation":{"Settings":{"ForceResponse":"ON","ForceResponseType":"ON","Type":"None"}},"GradingData":[],"Language":[],"Answers":{"1":{"Display":"Very low"},"2":{"Display":"Somewhat low"},"3":{"Display":"Neutral"},"4":{"Display":"Somewhat high"},"5":{"Display":"Very high"}},"AnswerOrder":[1,2,3,4,5],"ChoiceDataExportTags":false,"QuestionID":"QID4"}},{"SurveyID":"SV_24RffwBkDexSKGN","Element":"RS","PrimaryAttribute":"RS_cvhE9UpBK6tnzU1","SecondaryAttribute":"Default Response Set","TertiaryAttribute":null,"Payload":null},{"SurveyID":"SV_24RffwBkDexSKGN","Element":"SQ","PrimaryAttribute":"QID3","SecondaryAttribute":"Ease of Use (SUS)","TertiaryAttribute":null,"Payload":{"QuestionText":"<span style=\"font-family: Calibri;\"><span style=\"font-size: 18px;\"><strong>Ease of Use (SUS)<\/strong><\/span><\/span>","DefaultChoices":false,"DataExportTag":"Q3","QuestionType":"Matrix","Selector":"Likert","SubSelector":"SingleAnswer","Configuration":{"QuestionDescriptionOption":"UseText","TextPosition":"inline","ChoiceColumnWidth":25,"RepeatHeaders":"none","WhiteSpace":"OFF","MobileFirst":true},"QuestionDescription":"Ease of Use (SUS)","Choices":{"1":{"Display":"I think that I would like to use this application frequently."},"2":{"Display":"I found the application unnecessarily complex."},"3":{"Display":"I thought the application was easy to use."},"4":{"Display":"I think that I would need the support of a technical person to be able to use this application."},"5":{"Display":"I found the various functions in the application were well integrated."},"6":{"Display":"I thought there was too much inconsistency in this application."},"7":{"Display":"I would imagine that most people would learn to use this application very quickly."},"8":{"Display":"I found the application very cumbersome to use."},"9":{"Display":"I felt very confident using the application."},"10":{"Display":"I needed to learn a lot of things before I could get going with this application."}},"ChoiceOrder":[1,2,3,4,5,6,7,8,9,10],"Validation":{"Settings":{"ForceResponse":"ON","ForceResponseType":"ON","Type":"None"}},"GradingData":[],"Language":[],"Answers":{"1":{"Display":"Strongly disagree"},"2":{"Display":"Somewhat disagree"},"3":{"Display":"Neither agree nor disagree"},"4":{"Display":"Somewhat agree"},"5":{"Display":"Strongly agree"}},"AnswerOrder":[1,2,3,4,5],"ChoiceDataExportTags":false,"QuestionID":"QID3"}},{"SurveyID":"SV_24RffwBkDexSKGN","Element":"SQ","PrimaryAttribute":"QID9","SecondaryAttribute":"First name:","TertiaryAttribute":null,"Payload":{"QuestionText":"First name:","DefaultChoices":false,"DataExportTag":"Q9","QuestionType":"TE","Selector":"SL","Configuration":{"QuestionDescriptionOption":"UseText"},"QuestionDescription":"First name:","Validation":{"Settings":{"ForceResponse":"OFF","ForceResponseType":"ON","Type":"None"}},"GradingData":[],"Language":[],"QuestionID":"QID9"}},{"SurveyID":"SV_24RffwBkDexSKGN","Element":"SQ","PrimaryAttribute":"QID10","SecondaryAttribute":"Last name:","TertiaryAttribute":null,"Payload":{"QuestionText":"Last name:","DefaultChoices":false,"DataExportTag":"Q10","QuestionType":"TE","Selector":"SL","Configuration":{"QuestionDescriptionOption":"UseText"},"QuestionDescription":"Last name:","Validation":{"Settings":{"ForceResponse":"OFF","ForceResponseType":"ON","Type":"None"}},"GradingData":[],"Language":[],"QuestionID":"QID10"}},{"SurveyID":"SV_24RffwBkDexSKGN","Element":"SQ","PrimaryAttribute":"QID6","SecondaryAttribute":"Please leave any comments, suggestions, questions in the space below: ","TertiaryAttribute":null,"Payload":{"QuestionText":"Please leave any comments, suggestions, questions in the space below:&nbsp;","DefaultChoices":false,"DataExportTag":"Q6","QuestionType":"TE","Selector":"ESTB","Configuration":{"QuestionDescriptionOption":"UseText"},"QuestionDescription":"Please leave any comments, suggestions, questions in the space below: ","Validation":{"Settings":{"ForceResponse":"OFF","ForceResponseType":"ON","Type":"None"}},"GradingData":[],"Language":[],"QuestionID":"QID6"}},{"SurveyID":"SV_24RffwBkDexSKGN","Element":"SQ","PrimaryAttribute":"QID2","SecondaryAttribute":"Screen shot 2016 04 11 at 9.13.08 pm","TertiaryAttribute":null,"Payload":{"QuestionText":"Screen shot 2016 04 11 at 9.13.08 pm","DefaultChoices":false,"DataExportTag":"Q2","QuestionType":"DB","Selector":"GRB","SubSelector":"WOTXB","Configuration":{"QuestionDescriptionOption":"UseText"},"QuestionDescription":"Screen shot 2016 04 11 at 9.13.08 pm","ChoiceOrder":[],"Validation":{"Settings":{"Type":"None"}},"GradingData":[],"Language":[],"Graphics":"IM_2gBZXwOoFy5pV8p","GraphicsDescription":"Screen shot 2016 04 11 at 9.13.08 pm","QuestionID":"QID2"}},{"SurveyID":"SV_24RffwBkDexSKGN","Element":"SQ","PrimaryAttribute":"QID1","SecondaryAttribute":"Thank you for completing the interactive portion of this module! There is one last portion to com...","TertiaryAttribute":null,"Payload":{"QuestionText":"<div>Thank you for completing the interactive portion of this module! There is one last portion to complete before you receive your $10 Starbucks gift certificate!&nbsp;<\/div>","DefaultChoices":false,"DataExportTag":"Q1","QuestionType":"DB","Selector":"TB","Configuration":{"QuestionDescriptionOption":"UseText"},"QuestionDescription":"Thank you for completing the interactive portion of this module! There is one last portion to com...","ChoiceOrder":[],"Validation":{"Settings":{"Type":"None"}},"GradingData":[],"Language":[],"QuestionID":"QID1"}},{"SurveyID":"SV_24RffwBkDexSKGN","Element":"SQ","PrimaryAttribute":"QID8","SecondaryAttribute":"Thank you for completing the module! We really appreciate it!\u00a0 In order to collect your Starbucks..","TertiaryAttribute":null,"Payload":{"QuestionText":"<div>Thank you for completing the module! We really appreciate it!&nbsp;<\/div>\n<div><br><\/div>\n<div>In order to collect your Starbucks gift card, please fill out the personal information below:&nbsp;<\/div>","DefaultChoices":false,"DataExportTag":"Q8","QuestionType":"DB","Selector":"TB","Configuration":{"QuestionDescriptionOption":"UseText"},"QuestionDescription":"Thank you for completing the module! We really appreciate it!\u00a0 In order to collect your Starbucks...","ChoiceOrder":[],"Validation":{"Settings":{"Type":"None"}},"GradingData":[],"Language":[],"QuestionID":"QID8"}},{"SurveyID":"SV_24RffwBkDexSKGN","Element":"SQ","PrimaryAttribute":"QID7","SecondaryAttribute":"This completes your participation in the module. Thank you for your time!\u00a0 \u00a0 Please proceed to en.","TertiaryAttribute":null,"Payload":{"QuestionText":"<div style=\"text-align: center;\"><span style=\"font-size:19px;\">This completes your participation in the module.<br>\nThank you for your time!&nbsp;<\/span><\/div>\n\n<div>&nbsp;<\/div>\n\n<div style=\"text-align: center;\"><span style=\"font-size:19px;\">Please proceed to enter your information in the link below so that you can collect your reward.&nbsp;<\/span><\/div>\n\n<div>&nbsp;<\/div>\n\n<div style=\"text-align: center;\"><a href=\"https:\/\/duke.qualtrics.com\/SE\/?SID=SV_2rC5S8XOesu8xCt\"><span style=\"font-size:19px;\">STARBUCKS GIFT CARD<\/span><\/a><\/div>\n\n<div>&nbsp;<\/div>","DefaultChoices":false,"DataExportTag":"Q7","QuestionType":"DB","Selector":"TB","Configuration":{"QuestionDescriptionOption":"UseText"},"QuestionDescription":"This completes your participation in the module. Thank you for your time!\u00a0 \u00a0 Please proceed to en...","ChoiceOrder":[],"Validation":{"Settings":{"Type":"None"}},"GradingData":[],"Language":[],"QuestionID":"QID7"}},{"SurveyID":"SV_24RffwBkDexSKGN","Element":"SQ","PrimaryAttribute":"QID5","SecondaryAttribute":"User Satisfaction","TertiaryAttribute":null,"Payload":{"QuestionText":"<span style=\"font-family: Calibri;\"><span style=\"font-size: 18px;\"><strong>User Satisfaction<\/strong><\/span><\/span>","DefaultChoices":false,"DataExportTag":"Q5","QuestionType":"Matrix","Selector":"Likert","SubSelector":"SingleAnswer","Configuration":{"QuestionDescriptionOption":"UseText","TextPosition":"inline","ChoiceColumnWidth":25,"RepeatHeaders":"none","WhiteSpace":"OFF","MobileFirst":true},"QuestionDescription":"User Satisfaction","Choices":{"1":{"Display":"I believe this medication display would help improve my ability to manage patients\u2019  medications."},"2":{"Display":"I believe this medication display would aid me in providing a better treatment regimen for my patients."},"3":{"Display":"I believe this medication display would improve patient outcomes."}},"ChoiceOrder":[1,2,3],"Validation":{"Settings":{"ForceResponse":"OFF","ForceResponseType":"ON","Type":"None"}},"GradingData":[],"Language":[],"Answers":{"1":{"Display":"Strongly disagree"},"2":{"Display":"Somewhat disagree"},"3":{"Display":"Neither agree nor disagree"},"4":{"Display":"Somewhat agree"},"5":{"Display":"Strongly agree"}},"AnswerOrder":[1,2,3,4,5],"ChoiceDataExportTags":false,"QuestionID":"QID5"}}]}