{"SurveyEntry":{"SurveyID":"SV_eR1ugTwiyXu2xBb","SurveyName":"KaiRx Clinical Questionnaire - Control","SurveyDescription":null,"SurveyOwnerID":"UR_5tAAcvwrQvg6Nhz","SurveyBrandID":"duke","DivisionID":null,"SurveyLanguage":"EN","SurveyActiveResponseSet":"RS_2tSX3HmcYZmp2eh","SurveyStatus":"Inactive","SurveyStartDate":"0000-00-00 00:00:00","SurveyExpirationDate":"0000-00-00 00:00:00","SurveyCreationDate":"2016-06-15 16:00:24","CreatorID":"UR_5tAAcvwrQvg6Nhz","LastModified":"2016-07-11 07:04:15","LastAccessed":"0000-00-00 00:00:00","LastActivated":"2016-06-15 16:05:40","Deleted":null},"SurveyElements":[{"SurveyID":"SV_eR1ugTwiyXu2xBb","Element":"BL","PrimaryAttribute":"Survey Blocks","SecondaryAttribute":null,"TertiaryAttribute":null,"Payload":[{"Type":"Default","Description":"Default Question Block","ID":"BL_1S3IDtRz5J2rh3f","BlockElements":[{"Type":"Question","QuestionID":"QID1"},{"Type":"Page Break"},{"Type":"Question","QuestionID":"QID2"},{"Type":"Question","QuestionID":"QID3"},{"Type":"Question","QuestionID":"QID4"},{"Type":"Page Break"},{"Type":"Question","QuestionID":"QID5"},{"Type":"Page Break"},{"Type":"Question","QuestionID":"QID6"},{"Type":"Question","QuestionID":"QID7"},{"Type":"Page Break"},{"Type":"Question","QuestionID":"QID8"},{"Type":"Question","QuestionID":"QID9"},{"Type":"Question","QuestionID":"QID10"},{"Type":"Page Break"},{"Type":"Question","QuestionID":"QID11"},{"Type":"Question","QuestionID":"QID12"},{"Type":"Page Break"},{"Type":"Question","QuestionID":"QID13"},{"Type":"Page Break"},{"Type":"Question","QuestionID":"QID14"},{"Type":"Question","QuestionID":"QID15"},{"Type":"Page Break"},{"Type":"Question","QuestionID":"QID16"},{"Type":"Question","QuestionID":"QID17"},{"Type":"Page Break"},{"Type":"Question","QuestionID":"QID18"},{"Type":"Question","QuestionID":"QID19"},{"Type":"Question","QuestionID":"QID20"},{"Type":"Question","QuestionID":"QID21"},{"Type":"Page Break"},{"Type":"Question","QuestionID":"QID22"}]},{"Type":"Trash","Description":"Trash \/ Unused Questions","ID":"BL_9Hokg9o8fWN7BeB","BlockElements":[{"Type":"Page Break"}]}]},{"SurveyID":"SV_eR1ugTwiyXu2xBb","Element":"FL","PrimaryAttribute":"Survey Flow","SecondaryAttribute":null,"TertiaryAttribute":null,"Payload":{"Type":"Root","FlowID":"FL_1","Flow":[{"Type":"Block","ID":"BL_1S3IDtRz5J2rh3f","FlowID":"FL_2"},{"Type":"EmbeddedData","FlowID":"FL_4","EmbeddedData":[{"Description":"Q_TotalDuration","Type":"Recipient","Field":"Q_TotalDuration","VariableType":"Nominal"}]},{"Type":"EndSurvey","FlowID":"FL_5","EndingType":"Advanced","Options":{"Advanced":"true","SurveyTermination":"DisplayMessage","EOSMessageLibrary":"UR_5tAAcvwrQvg6Nhz","EOSMessage":"MS_29TxwLUEE914yBD"}}],"Properties":{"Count":5}}},{"SurveyID":"SV_eR1ugTwiyXu2xBb","Element":"SO","PrimaryAttribute":"Survey Options","SecondaryAttribute":null,"TertiaryAttribute":null,"Payload":{"BackButton":"false","SaveAndContinue":"true","SurveyProtection":"PublicSurvey","BallotBoxStuffingPrevention":"false","NoIndex":"Yes","SecureResponseFiles":"true","SurveyExpiration":"None","SurveyTermination":"DefaultMessage","Header":"","Footer":"","ProgressBarDisplay":"VerboseText","PartialData":"+1 week","ValidationMessage":"","PreviousButton":"  <<  ","NextButton":"  >>  ","SkinLibrary":"duke","SkinType":"MQ","Skin":"duke-v1","NewScoring":1,"libraryId":"","nextButtonMid":"","previousButtonMid":"","headerMid":"","footerMid":"","QuestionsPerPage":"","PageTransition":"Fade","ExternalCSS":null,"CustomStyles":{"errorStyles":{"selector":".Skin .ValidationError","styles":{"color":null,"backgroundColor":null,"borderColor":null}},"errorStylesBG":{"selector":".Skin .HeaderValidationError, .Skin .HeaderValidationError li a","styles":{"color":null,"backgroundColor":null}},"pageStyles":{"selector":"#SurveyEngineBody","styles":{"backgroundColor":null}},"textStyles":{"selector":".SkinInner","styles":{"fontFamily":null,"fontSize":null,"fontWeight":null,"fontStyle":null,"textDecoration":null,"color":null}},"questionStyles":{"selector":".Skin .QuestionText","styles":{"fontFamily":null,"fontSize":null,"fontWeight":null,"fontStyle":null,"textDecoration":null,"color":null}},"choiceStyles":{"selector":".Skin .horizontalbar th.ylabel, .Skin .Matrix table td, .Skin .Matrix table th, .Skin .Matrix table thead th, .Skin .Matrix table thead td, .Skin .PGR .DragAndDrop .Items label, .Skin .QuestionBody ul.ChoiceStructure, .Skin .PGR .DragAndDrop .Group ul, .Skin .PGR .DragAndDrop .Group h2, .Skin .PGR .DragAndDrop .Items ul, .Skin .PGR .DragAndDrop .Items h2, .Skin .DD .QuestionBody table.ChoiceStructure, .Skin .PGR .DragAndDrop .NoColumns td.groupsContainerTd div ul, .Skin .PGR .DragAndDrop .NoColumns td.groupsContainerTd div h2, .Skin .SBS thead th, .Skin .SBS td, .Skin .SBS .Answers td, .Skin .SBS .Answers th, .SBS table.ChoiceStructure, .Skin .horizontalbar thead table.LabelDescriptions tr td, .Skin .horizontalbar thead tr td.NotApplicable, .QuestionBody th, .Skin .QuestionBody .MC .MAVR label, .Skin .QuestionBody .MC .SAVR label, .Skin .SBS thead th, .Skin .SBS td, .Skin .RO .DND ul li, .Skin .reg, .SkinInner .ChoiceStructure, .Skin thead, .Skin .GAP .ChoiceStructure thead th, .Skin .GAP .ChoiceStructure .c4, .Skin .GAP .ChoiceStructure th, .Skin .GAP .ChoiceStructure .WhyText, .SkinInner .ChoiceStructure .LightBG, .Skin .QuestionOuter.Highlight .Inner .reg, .Skin .QuestionOuter.Highlight .Inner .alt, .Skin .QuestionOuter.Highlight .Inner .ReadableAlt       ","styles":{"fontFamily":null,"fontSize":null,"fontWeight":null,"fontStyle":null,"textDecoration":null,"color":null}},"headerStyles":{"selector":".Skin div#Header","styles":{"color":null}},"footerStyles":{"selector":".Skin #Footer","styles":{"color":null}},"questionSeparatorStyles":{"selector":".Skin .Separator","styles":{"backgroundColor":null,"display":null}},"highlightStyles":{"selector":".Skin .QuestionOuter.Highlight .Inner, .Skin .QuestionOuter.Highlight .Inner .reg, .Skin .QuestionOuter.Highlight .Inner .alt, .Skin .QuestionOuter.Highlight .Inner .ReadableAlt","styles":{"backgroundColor":null}},"highlightStylesAlt":{"selector":".Skin .QuestionOuter.Highlight .Inner .ReadableAlt, .Skin .QuestionOuter.Highlight .Inner .LightBG","styles":{"backgroundColor":null}},"textEntryStyles":{"selector":".Skin select, .Skin .InputText","styles":{"color":null}},"borderStyles":{"selector":".Skin .CS .horizontalbar table.sliderGrid tr.xlabel th, .Skin .CS .horizontalbar .ylabel, .Skin .CS .horizontalbar table.sliderGrid tr td.value, .Skin .Slider .horizontalbar table.sliderGrid tr.xlabel th, .Skin .BorderColor, .Skin .DarkBorderColor, .Skin .Slider .horizontalbar table.sliderGrid tr td.value, .Skin thead, .Skin .GAP .ChoiceStructure thead th  ","styles":{"borderColor":null}},"altRowStyles":{"selector":".Skin .ReadableAlt, .Skin .LightBG","styles":{"backgroundColor":null}},"customCSS":null},"HighlightQuestions":"off","ProtectSelectionIds":true}},{"SurveyID":"SV_eR1ugTwiyXu2xBb","Element":"SCO","PrimaryAttribute":"Scoring","SecondaryAttribute":null,"TertiaryAttribute":null,"Payload":{"ScoringCategories":[{"ID":"SC_9H20TFKf5FcXpY1","Name":"Score","Description":""}],"ScoringCategoryGroups":[],"DefaultScoringCategory":"SC_9H20TFKf5FcXpY1","ScoringSummaryCategory":"SC_9H20TFKf5FcXpY1","ScoringSummaryAfterQuestions":0,"ScoringSummaryAfterSurvey":0,"AutoScoringCategory":null,"IgnoreNullValues":true}},{"SurveyID":"SV_eR1ugTwiyXu2xBb","Element":"STAT","PrimaryAttribute":"Survey Statistics","SecondaryAttribute":null,"TertiaryAttribute":null,"Payload":{"MobileCompatible":true,"ID":"Survey Statistics"}},{"SurveyID":"SV_eR1ugTwiyXu2xBb","Element":"SQ","PrimaryAttribute":"QID11","SecondaryAttribute":"10. He did not pick up his last allopurinol prescription at the pharmacy. What other agents was h...","TertiaryAttribute":null,"Payload":{"QuestionText":"10. He did not pick up his last allopurinol prescription at the pharmacy. What other agents was he prescribed to treat gout in the past?&nbsp;<b>(Check all that apply.)&nbsp;<\/b>","DataExportTag":"Q11","QuestionType":"MC","Selector":"MAVR","SubSelector":"TX","Configuration":{"QuestionDescriptionOption":"UseText"},"QuestionDescription":"10. He did not pick up his last allopurinol prescription at the pharmacy. What other agents was h...","Choices":{"1":{"Display":"a. No other medications have been prescribed for gout."},"2":{"Display":"b. Probenecid"},"3":{"Display":"c. Naproxen"},"4":{"Display":"d. Bupropion"},"5":{"Display":"e. Colchicine"}},"ChoiceOrder":[1,2,3,4,5],"Validation":{"Settings":{"ForceResponse":"ON","ForceResponseType":"ON","Type":"None"}},"Language":[],"QuestionID":"QID11","GradingData":[{"ChoiceID":"3","Grades":{"SC_9H20TFKf5FcXpY1":"1"},"index":0},{"ChoiceID":"5","Grades":{"SC_9H20TFKf5FcXpY1":"1"},"index":1}]}},{"SurveyID":"SV_eR1ugTwiyXu2xBb","Element":"SQ","PrimaryAttribute":"QID12","SecondaryAttribute":"11. After asking the patient about his gout, he explains that he has not picked up his gout medic...","TertiaryAttribute":null,"Payload":{"QuestionText":"<div>11. After asking the patient about his gout, he explains that he has not picked up his gout medications for some time. He says he has not experienced any symptoms and stopped taking them. You realize the importance of continuing allopurinol as a preventative gout medication, and encourage Mr. Smith to do so. But, how would you like to treat his diabetes?<\/div>","DataExportTag":"Q12","QuestionType":"MC","Selector":"SAVR","SubSelector":"TX","Configuration":{"QuestionDescriptionOption":"UseText"},"QuestionDescription":"11. After asking the patient about his gout, he explains that he has not picked up his gout medic...","Choices":{"1":{"Display":"a. Make no change. Keep his current medication regimen."},"2":{"Display":"b. Continue metformin and add another oral agent, not in the sulfonylurea class (ie. piaglitazone)."},"3":{"Display":"c. Discontinue metformin and add long-acting insulin to his current regimen only."}},"ChoiceOrder":[1,2,3],"Validation":{"Settings":{"ForceResponse":"ON","ForceResponseType":"ON","Type":"None"}},"Language":[],"QuestionID":"QID12","GradingData":[{"ChoiceID":"2","Grades":{"SC_9H20TFKf5FcXpY1":"1"},"index":0}]}},{"SurveyID":"SV_eR1ugTwiyXu2xBb","Element":"SQ","PrimaryAttribute":"QID3","SecondaryAttribute":"2. How long has he been taking his diabetes medication(s)?","TertiaryAttribute":null,"Payload":{"QuestionText":"2. How long has he been taking his diabetes medication(s)?","DataExportTag":"Q3","QuestionType":"MC","Selector":"SAVR","SubSelector":"TX","Configuration":{"QuestionDescriptionOption":"UseText"},"QuestionDescription":"2. How long has he been taking his diabetes medication(s)?","Choices":{"1":{"Display":"a. For the last 6 months"},"2":{"Display":"b. For the last year"},"3":{"Display":"c. For the last 3 years"},"4":{"Display":"d. For the last 6 years"},"5":{"Display":"e. For the last 9 years"}},"ChoiceOrder":[1,2,3,4,5],"Validation":{"Settings":{"ForceResponse":"ON","ForceResponseType":"ON","Type":"None"}},"Language":[],"QuestionID":"QID3","GradingData":[{"ChoiceID":"4","Grades":{"SC_9H20TFKf5FcXpY1":"1"},"index":0}]}},{"SurveyID":"SV_eR1ugTwiyXu2xBb","Element":"SQ","PrimaryAttribute":"QID14","SecondaryAttribute":"2. The patient\u2019s blood pressure did not decrease in the 3 years after he was prescribed the thiaz.","TertiaryAttribute":null,"Payload":{"QuestionText":"2. The patient\u2019s blood pressure did not decrease in the 3 years after he was prescribed the thiazide. What do you think was happening during those 3 years?","DataExportTag":"Q14","QuestionType":"MC","Selector":"SAVR","SubSelector":"TX","Configuration":{"QuestionDescriptionOption":"UseText"},"QuestionDescription":"2. The patient\u2019s blood pressure did not decrease in the 3 years after he was prescribed the thiaz...","Choices":{"1":{"Display":"a. He was non-compliant with this medication."},"2":{"Display":"b. Despite his full compliance his blood pressure did not decrease so his thiazide dose was increased."},"3":{"Display":"c. Despite his full compliance his blood pressure did not decrease so his thiazide was replaced with a new medication."},"4":{"Display":"d. Despite his full compliance his blood pressure did not decrease so a new medication was added to his regimen in addition to his thiazide medication."}},"ChoiceOrder":[1,2,3,4],"Validation":{"Settings":{"ForceResponse":"ON","ForceResponseType":"ON","Type":"None"}},"Language":[],"QuestionID":"QID14","GradingData":[{"ChoiceID":"2","Grades":{"SC_9H20TFKf5FcXpY1":"1"},"index":0}]}},{"SurveyID":"SV_eR1ugTwiyXu2xBb","Element":"SQ","PrimaryAttribute":"QID19","SecondaryAttribute":"2. Which drugs have been escalated in dose at least twice?\u00a0(Check all that apply.)\u00a0","TertiaryAttribute":null,"Payload":{"QuestionText":"2. Which drugs have been escalated in dose at least twice?<b>&nbsp;(Check all that apply.)&nbsp;<\/b>","DataExportTag":"Q19","QuestionType":"MC","Selector":"MAVR","SubSelector":"TX","Configuration":{"QuestionDescriptionOption":"UseText"},"QuestionDescription":"2. Which drugs have been escalated in dose at least twice?\u00a0(Check all that apply.)\u00a0","Choices":{"1":{"Display":"a. Bupropion"},"2":{"Display":"b. Sertraline"},"3":{"Display":"c. Fluoxetine"},"4":{"Display":"d. Duloxetine"}},"ChoiceOrder":[1,2,3,4],"Validation":{"Settings":{"ForceResponse":"ON","ForceResponseType":"ON","Type":"None"}},"Language":[],"QuestionID":"QID19","GradingData":[{"ChoiceID":"2","Grades":{"SC_9H20TFKf5FcXpY1":"1"},"index":0},{"ChoiceID":"3","Grades":{"SC_9H20TFKf5FcXpY1":"1"},"index":1}]}},{"SurveyID":"SV_eR1ugTwiyXu2xBb","Element":"QC","PrimaryAttribute":"Survey Question Count","SecondaryAttribute":"22","TertiaryAttribute":null,"Payload":null},{"SurveyID":"SV_eR1ugTwiyXu2xBb","Element":"SQ","PrimaryAttribute":"QID4","SecondaryAttribute":"3. Has he been compliant with his diabetes medication? How do you know? ","TertiaryAttribute":null,"Payload":{"QuestionText":"3. Has he been compliant with his diabetes medication? How do you know?&nbsp;","DataExportTag":"Q4","QuestionType":"MC","Selector":"SAVR","SubSelector":"TX","Configuration":{"QuestionDescriptionOption":"UseText"},"QuestionDescription":"3. Has he been compliant with his diabetes medication? How do you know? ","Choices":{"1":{"Display":"a. Yes, he told me he was compliant with his medication regimen but I cannot see whether he has filled his prescription at the pharmacy."},"2":{"Display":"b. Yes, he told me he was compliant with his medication regimen and I can see that he has filled his prescriptions on his medication display."},"3":{"Display":"c. No, he told me he was NOT compliant with his medication regimen but I cannot see when he had missed his prescription refill at the pharmacy."},"4":{"Display":"d. No, he told me he was NOT compliant with his medication regimen and I can see when he missed his prescription refill at the pharmacy in this display."}},"ChoiceOrder":[1,2,3,4],"Validation":{"Settings":{"ForceResponse":"ON","ForceResponseType":"ON","Type":"None"}},"Language":[],"QuestionID":"QID4","GradingData":[{"ChoiceID":"2","Grades":{"SC_9H20TFKf5FcXpY1":"1"},"index":0}]}},{"SurveyID":"SV_eR1ugTwiyXu2xBb","Element":"SQ","PrimaryAttribute":"QID15","SecondaryAttribute":"3. Over time, Mr. Smith\u2019s blood pressure still continued to increase despite his compliance with..","TertiaryAttribute":null,"Payload":{"QuestionText":"3. Over time, Mr. Smith\u2019s&nbsp;blood pressure still continued to increase despite his compliance with his hydrochlorothiazide (HCTZ). Another medication was added to his hypertension medication regimen. Which new class of hypertensive medication was added?&nbsp;","DataExportTag":"Q15","QuestionType":"MC","Selector":"SAVR","SubSelector":"TX","Configuration":{"QuestionDescriptionOption":"UseText"},"QuestionDescription":"3. Over time, Mr. Smith\u2019s blood pressure still continued to increase despite his compliance with...","Choices":{"1":{"Display":"a. Calcium channel blockers"},"2":{"Display":"b. ACE inhibitors"},"3":{"Display":"c. Alpha agonist"},"4":{"Display":"d. Thiazides"}},"ChoiceOrder":[1,2,3,4],"Validation":{"Settings":{"ForceResponse":"ON","ForceResponseType":"ON","Type":"None"}},"Language":[],"QuestionID":"QID15","GradingData":[{"ChoiceID":"2","Grades":{"SC_9H20TFKf5FcXpY1":"1"},"index":0}]}},{"SurveyID":"SV_eR1ugTwiyXu2xBb","Element":"SQ","PrimaryAttribute":"QID20","SecondaryAttribute":"3. You ask Mr. Smith about the details of his depression medication changes in the past but he ha...","TertiaryAttribute":null,"Payload":{"QuestionText":"3. You ask Mr. Smith about the details of his depression medication changes in the past but he has trouble remembering why certain drugs were changed. You are curious to know which provider made the change in class of antidepressants from SSRIs.&nbsp;Who was the provider who changed it?&nbsp;","DataExportTag":"Q20","QuestionType":"MC","Selector":"SAVR","SubSelector":"TX","Configuration":{"QuestionDescriptionOption":"UseText"},"QuestionDescription":"3. You ask Mr. Smith about the details of his depression medication changes in the past but he ha...","Choices":{"1":{"Display":"a. Dr. Bradley"},"2":{"Display":"b. Dr. Montana"},"3":{"Display":"c. Dr. Emerman"},"4":{"Display":"d. You did!"}},"ChoiceOrder":[1,2,3,4],"Validation":{"Settings":{"ForceResponse":"ON","ForceResponseType":"ON","Type":"None"}},"Language":[],"QuestionID":"QID20","GradingData":[{"ChoiceID":"1","Grades":{"SC_9H20TFKf5FcXpY1":"1"},"index":0}]}},{"SurveyID":"SV_eR1ugTwiyXu2xBb","Element":"SQ","PrimaryAttribute":"QID16","SecondaryAttribute":"4. What do you suspect happened with his new antihypertensive regimen of HCTZ + ACE inhibitor tha...","TertiaryAttribute":null,"Payload":{"QuestionText":"4. What do you suspect happened with his new antihypertensive regimen of HCTZ + ACE inhibitor that prompted the most recent medication addition of a calcium channel blocker? What clues tell you this?&nbsp;","DataExportTag":"Q16","QuestionType":"MC","Selector":"SAVR","SubSelector":"TX","Configuration":{"QuestionDescriptionOption":"UseText"},"QuestionDescription":"4. What do you suspect happened with his new antihypertensive regimen of HCTZ + ACE inhibitor tha...","Choices":{"1":{"Display":"a. He was non-compliant with his medication. Perhaps he was experiencing side effects. I will inquire more about this."},"2":{"Display":"b. He was compliant with his medications for several months but perhaps his blood pressure remained high. I can see that the dosages were increased on both classes of anti-hypertensives."},"3":{"Display":"c. He was taking other medications that decreased the efficacy of these drugs."},"4":{"Display":"d. I cannot tell by the information displayed on this screen what may have happened."}},"ChoiceOrder":[1,2,3,4],"Validation":{"Settings":{"ForceResponse":"ON","ForceResponseType":"ON","Type":"None"}},"Language":[],"QuestionID":"QID16","GradingData":[{"ChoiceID":"2","Grades":{"SC_9H20TFKf5FcXpY1":"1"},"index":0}]}},{"SurveyID":"SV_eR1ugTwiyXu2xBb","Element":"SQ","PrimaryAttribute":"QID5","SecondaryAttribute":"4. You ask him about his diabetes medications and you can trust that he is telling you the truth...","TertiaryAttribute":null,"Payload":{"QuestionText":"4. You ask him about his diabetes medications and you can trust that he is telling you the truth when he states that he has taken them daily. Yet his HbA1c has stayed at a 8.4%. You are considering adding another oral agent but are wondering whether he has reached his maximum dose of his current medication. If the maximum dose of immediate-release metformin for an adult is <strong>2000 mg<\/strong>, is he currently on this maximum dose?","DataExportTag":"Q5","QuestionType":"MC","Selector":"SAVR","SubSelector":"TX","Configuration":{"QuestionDescriptionOption":"UseText"},"QuestionDescription":"4. You ask him about his diabetes medications and you can trust that he is telling you the truth...","Choices":{"1":{"Display":"a. Yes"},"2":{"Display":"b. No"}},"ChoiceOrder":[1,2],"Validation":{"Settings":{"ForceResponse":"ON","ForceResponseType":"ON","Type":"None"}},"Language":[],"QuestionID":"QID5","GradingData":[{"ChoiceID":"1","Grades":{"SC_9H20TFKf5FcXpY1":"1"},"index":0}]}},{"SurveyID":"SV_eR1ugTwiyXu2xBb","Element":"SQ","PrimaryAttribute":"QID21","SecondaryAttribute":"4. You\u2019d like to know what date that provider changed the medication so you can investigate the n.","TertiaryAttribute":null,"Payload":{"QuestionText":"4.&nbsp;You\u2019d like to know what date that provider changed the medication so you can investigate the note that he had written at the time for reasons why that may have changed. When was the date of the first atypical antidepressant prescription?&nbsp;","DataExportTag":"Q21","QuestionType":"MC","Selector":"SAVR","SubSelector":"TX","Configuration":{"QuestionDescriptionOption":"UseText"},"QuestionDescription":"4. You\u2019d like to know what date that provider changed the medication so you can investigate the n...","Choices":{"1":{"Display":"a. October 15, 2006"},"2":{"Display":"b. October 15, 2007"},"3":{"Display":"c. December 17, 2006"},"4":{"Display":"d. December 17, 2007"},"5":{"Display":"e. January 18, 2007"},"6":{"Display":"f. January 18, 2008"}},"ChoiceOrder":[1,2,3,4,5,6],"Validation":{"Settings":{"ForceResponse":"ON","ForceResponseType":"ON","Type":"None"}},"Language":[],"QuestionID":"QID21","GradingData":[{"ChoiceID":"3","Grades":{"SC_9H20TFKf5FcXpY1":"1"},"index":0}]}},{"SurveyID":"SV_eR1ugTwiyXu2xBb","Element":"SQ","PrimaryAttribute":"QID17","SecondaryAttribute":"5. Despite Mr. Smith\u2019s diligent adherence to his exercise and diet regimen and his past medicatio.","TertiaryAttribute":null,"Payload":{"QuestionText":"5. Despite Mr. Smith\u2019s diligent adherence to his exercise and diet regimen and his past medication history, his blood pressure has been resistant to change. What is your next step in the treatment of Mr. Smith\u2019s hypertension?&nbsp;","DataExportTag":"Q17","QuestionType":"MC","Selector":"SAVR","SubSelector":"TX","Configuration":{"QuestionDescriptionOption":"UseText"},"QuestionDescription":"5. Despite Mr. Smith\u2019s diligent adherence to his exercise and diet regimen and his past medicatio...","Choices":{"1":{"Display":"a. I would add another medication in the angiotensin receptor blocker (ARB) drug class."},"2":{"Display":"b. I would maximize his calcium channel blocker and trial for another 3 months."},"3":{"Display":"c. I would add two other agents to his treatment regimen."},"4":{"Display":"d. I would not change anything in his treatment regimen."}},"ChoiceOrder":[1,2,3,4],"Validation":{"Settings":{"ForceResponse":"ON","ForceResponseType":"ON","Type":"None"}},"Language":[],"QuestionID":"QID17","GradingData":[{"ChoiceID":"2","Grades":{"SC_9H20TFKf5FcXpY1":"1"},"index":0}]}},{"SurveyID":"SV_eR1ugTwiyXu2xBb","Element":"SQ","PrimaryAttribute":"QID22","SecondaryAttribute":"5. Why do you think the provider chose bupropion to prescribe in 2006? ","TertiaryAttribute":null,"Payload":{"QuestionText":"5. Why do you think the provider chose bupropion to prescribe in 2006?&nbsp;","DataExportTag":"Q22","QuestionType":"MC","Selector":"SAVR","SubSelector":"TX","Configuration":{"QuestionDescriptionOption":"UseText"},"QuestionDescription":"5. Why do you think the provider chose bupropion to prescribe in 2006? ","Choices":{"1":{"Display":"a. The patient may have been experiencing side effects of Sertraline, therefore switched to Bupropion as monotherapy instead."},"2":{"Display":"b. Bupropion is in the SSRI drug class. The provider may have desired to try another SSRI agent."},"3":{"Display":"c.  Sertraline was used as a monotherapy and was escalated in dose. It may not have been effective at the high dose, and therefore another agent, Bupropion was added."},"4":{"Display":"d. Bupropion was effective for this patient when it was used 10 years ago."}},"ChoiceOrder":[1,2,3,4],"Validation":{"Settings":{"ForceResponse":"ON","ForceResponseType":"ON","Type":"None"}},"Language":[],"QuestionID":"QID22","GradingData":[{"ChoiceID":"3","Grades":{"SC_9H20TFKf5FcXpY1":"1"},"index":0}]}},{"SurveyID":"SV_eR1ugTwiyXu2xBb","Element":"SQ","PrimaryAttribute":"QID6","SecondaryAttribute":"5. You see that he is currently on this maximum dose. You are wondering how recently this last ch...","TertiaryAttribute":null,"Payload":{"QuestionText":"5. You see that he is currently on this maximum dose. You are wondering how recently this last change in dosage was made. When was the last dose change and what was the change in the dosage?&nbsp;","DataExportTag":"Q6","QuestionType":"MC","Selector":"SAVR","SubSelector":"TX","Configuration":{"QuestionDescriptionOption":"UseText"},"QuestionDescription":"5. You see that he is currently on this maximum dose. You are wondering how recently this last ch...","Choices":{"1":{"Display":"a. December 29, 2014, from 1500mg to 2000mg"},"2":{"Display":"b. December 29, 2014, from 1700mg to 2000mg"},"3":{"Display":"c. December 29, 2015, from 1500mg to 2000mg"},"4":{"Display":"d. December 29, 2015, from 1700mg to 2000mg"}},"ChoiceOrder":[1,2,3,4],"Validation":{"Settings":{"ForceResponse":"ON","ForceResponseType":"ON","Type":"None"}},"Language":[],"QuestionID":"QID6","GradingData":[{"ChoiceID":"3","Grades":{"SC_9H20TFKf5FcXpY1":"1"},"index":0}]}},{"SurveyID":"SV_eR1ugTwiyXu2xBb","Element":"SQ","PrimaryAttribute":"QID7","SecondaryAttribute":"6. You realize that he has already taken the maximum dose of metformin for awhile without much ch...","TertiaryAttribute":null,"Payload":{"QuestionText":"6. You realize that he has already taken the maximum dose of metformin for awhile without much change. You decide to continue his metformin at the maximum dose and add an additional agent in the sulfonylurea drug class. You remember that a sulfonylurea drug such as glyburide may have potential interactions with allopurinol, a medication often used to treat gout. You remember seeing that Mr. Smith has a history of gout. Does Mr. Smith have allopurinol on his medication list?&nbsp;","DataExportTag":"Q7","QuestionType":"MC","Selector":"SAVR","SubSelector":"TX","Configuration":{"QuestionDescriptionOption":"UseText"},"QuestionDescription":"6. You realize that he has already taken the maximum dose of metformin for awhile without much ch...","Choices":{"1":{"Display":"a. Yes"},"2":{"Display":"b. No"},"3":{"Display":"c. I don\u2019t know"}},"ChoiceOrder":["1","2","3"],"Validation":{"Settings":{"ForceResponse":"ON","ForceResponseType":"ON","Type":"None"}},"Language":[],"QuestionID":"QID7","GradingData":[{"ChoiceID":"1","Grades":{"SC_9H20TFKf5FcXpY1":"1"},"index":0}]}},{"SurveyID":"SV_eR1ugTwiyXu2xBb","Element":"SQ","PrimaryAttribute":"QID8","SecondaryAttribute":"7. What was the starting dose of allopurinol prescribed for Mr. Smith? What was the last prescrib...","TertiaryAttribute":null,"Payload":{"QuestionText":"7. What was the starting dose of allopurinol prescribed for Mr. Smith? What was the last prescribed dose for him?&nbsp;","DataExportTag":"Q8","QuestionType":"MC","Selector":"SAVR","SubSelector":"TX","Configuration":{"QuestionDescriptionOption":"UseText"},"QuestionDescription":"7. What was the starting dose of allopurinol prescribed for Mr. Smith? What was the last prescrib...","Choices":{"1":{"Display":"a. 50mg and 100mg"},"2":{"Display":"b. 100mg and 150mg"},"3":{"Display":"c. 100mg and 200mg"},"4":{"Display":"d. 200mg and 300mg"}},"ChoiceOrder":[1,2,3,4],"Validation":{"Settings":{"ForceResponse":"ON","ForceResponseType":"ON","Type":"None"}},"Language":[],"QuestionID":"QID8","GradingData":[{"ChoiceID":"3","Grades":{"SC_9H20TFKf5FcXpY1":"1"},"index":0}]}},{"SurveyID":"SV_eR1ugTwiyXu2xBb","Element":"SQ","PrimaryAttribute":"QID9","SecondaryAttribute":"8. Who prescribed his last refill of allopurinol? ","TertiaryAttribute":null,"Payload":{"QuestionText":"8. Who prescribed his last refill of allopurinol?&nbsp;","DataExportTag":"Q9","QuestionType":"MC","Selector":"SAVR","SubSelector":"TX","Configuration":{"QuestionDescriptionOption":"UseText"},"QuestionDescription":"8. Who prescribed his last refill of allopurinol? ","Choices":{"1":{"Display":"a. Dr. Bradley"},"2":{"Display":"b. Dr. Montana"},"3":{"Display":"c. Dr. Emerman"},"4":{"Display":"d. You did!"}},"ChoiceOrder":[1,2,3,4],"Validation":{"Settings":{"ForceResponse":"ON","ForceResponseType":"ON","Type":"None"}},"Language":[],"QuestionID":"QID9","GradingData":[{"ChoiceID":"3","Grades":{"SC_9H20TFKf5FcXpY1":"1"},"index":0}]}},{"SurveyID":"SV_eR1ugTwiyXu2xBb","Element":"SQ","PrimaryAttribute":"QID10","SecondaryAttribute":"9. You see a prescription but wonder if he has picked up his last prescription of allopurinol. Ba...","TertiaryAttribute":null,"Payload":{"QuestionText":"<div>9. You see a prescription but wonder if he has picked up his last prescription of allopurinol. Based on the information in the chart, has he?<\/div>","DataExportTag":"Q10","QuestionType":"MC","Selector":"SAVR","SubSelector":"TX","Configuration":{"QuestionDescriptionOption":"UseText"},"QuestionDescription":"9. You see a prescription but wonder if he has picked up his last prescription of allopurinol. Ba...","Choices":{"1":{"Display":"a. Yes, I can see that he has filled his prescriptions on his medication display."},"2":{"Display":"b. No, I can see that he has NOT filled his prescription refill at the pharmacy in this display."},"3":{"Display":"c. I don\u2019t know.  I cannot see whether he has filled his prescription at the pharmacy in this display."}},"ChoiceOrder":["1","2","3"],"Validation":{"Settings":{"ForceResponse":"ON","ForceResponseType":"ON","Type":"None"}},"Language":[],"QuestionID":"QID10","GradingData":[{"ChoiceID":"2","Grades":{"SC_9H20TFKf5FcXpY1":"1"},"index":0}]}},{"SurveyID":"SV_eR1ugTwiyXu2xBb","Element":"RS","PrimaryAttribute":"RS_2tSX3HmcYZmp2eh","SecondaryAttribute":"Default Response Set","TertiaryAttribute":null,"Payload":null},{"SurveyID":"SV_eR1ugTwiyXu2xBb","Element":"SQ","PrimaryAttribute":"QID1","SecondaryAttribute":"Meet Mr. Smith. He is a 62 year old gentleman living in Durham, NC with his family. He has been s...","TertiaryAttribute":null,"Payload":{"QuestionText":"Meet Mr. Smith. He is a 62 year old gentleman living in Durham, NC with his family. He has been seeing Dr. Bradley as his primary care provider for over 20 years. After a long, prolific career, Dr. Bradley, who is one of your partners in the practice, is retiring. You are now adopting Mr. Smith as a new patient.<div><div><br><\/div><div>His past medical history includes:<\/div><div><em>Obesity&nbsp;<\/em><\/div><div><em>Hypertension<\/em><\/div><div><em>Type 2 Diabetes<\/em><\/div><div><em>Gout<\/em><\/div><\/div><div><em>Depression<\/em><\/div><div><em>Community-Acquired Pneumonia<\/em><\/div><div><br><\/div><div>He has come in today for three reasons. He would like to:&nbsp;<\/div><div>1) Discuss his most recent HbA1c of 8.4% despite taking his diabetes medications<\/div><div>2) Discuss his last elevated blood pressure readings despite changes in his medications<\/div><div>3) Discuss his depressed mood and decreased interest in activities recently&nbsp;<\/div><div><br><\/div><div><span style=\"color: rgb(4, 51, 255);\"><strong>Your objectives:&nbsp;<\/strong><\/span><\/div><div>1) Concerning his diabetes, you can trust that he has been on a diabetic diet with regular exercise. <strong>You would like to assess his past and current regimen of medications for his Type 2 Diabetes and <u>see if an additional agent is necessary to prescribe today.<\/u><\/strong>&nbsp;<\/div><div><br><\/div><div>2) For his hypertension, despite taking his new hypertensive medication diligently for the last year, his hypertension has not changed. Trends of blood pressure readings in the last year and a half have shown &gt; 145\/95 (JNC 8 recommends treatment for &gt; 140\/90). He has been trialled on several different types of medications. <u><strong>You would like to assess what additional changes in his regimen may be required today.&nbsp;<\/strong><\/u><\/div><div><br><\/div><div>3) For his depression, after assessing any changes that may have caused an increase in depressive symptoms, <u><strong>you would like to assess his current depression medications and understand his treatment course up until now.&nbsp;<\/strong><\/u><\/div><div><br><\/div><div><span style=\"color: rgb(255, 38, 0);\">** Of note: For the purposes of the experiment, <em><strong>FILL STATUS will imply compliance<\/strong><\/em> to medications. **<\/span><\/div><div><\/div>","DefaultChoices":false,"DataExportTag":"Q1","QuestionID":"QID1","QuestionType":"DB","Selector":"TB","Configuration":{"QuestionDescriptionOption":"UseText"},"QuestionDescription":"Meet Mr. Smith. He is a 62 year old gentleman living in Durham, NC with his family. He has been s...","ChoiceOrder":[],"Validation":{"Settings":{"Type":"None"}},"GradingData":[],"Language":[]}},{"SurveyID":"SV_eR1ugTwiyXu2xBb","Element":"SQ","PrimaryAttribute":"QID2","SecondaryAttribute":"Task 1: Diabetes 1. Which medication(s) is the patient currently taking for diabetes?\u00a0","TertiaryAttribute":null,"Payload":{"QuestionText":"<strong><span style=\"color: rgb(4, 51, 255);\">Task 1: Diabetes<\/span><\/strong><div>1. Which medication(s) is the patient currently taking for diabetes?&nbsp;<\/div>","DefaultChoices":false,"DataExportTag":"Q2","QuestionID":"QID2","QuestionType":"MC","Selector":"SAVR","SubSelector":"TX","Configuration":{"QuestionDescriptionOption":"UseText"},"QuestionDescription":"Task 1: Diabetes 1. Which medication(s) is the patient currently taking for diabetes?\u00a0","Choices":{"1":{"Display":"a. metformin"},"2":{"Display":"     b. insulin"},"3":{"Display":"c. lisinopril"},"4":{"Display":"d. glipizide"},"5":{"Display":"e. amlodipine"}},"ChoiceOrder":[1,2,3,4,5],"Validation":{"Settings":{"ForceResponse":"ON","ForceResponseType":"ON","Type":"None"}},"GradingData":[{"ChoiceID":"1","Grades":{"SC_9H20TFKf5FcXpY1":"1"},"index":0}],"Language":[]}},{"SurveyID":"SV_eR1ugTwiyXu2xBb","Element":"SQ","PrimaryAttribute":"QID13","SecondaryAttribute":"Task 2: Hypertension 1. Mr. Smith was diagnosed with hypertension 20 years ago. What was the firs...","TertiaryAttribute":null,"Payload":{"QuestionText":"<div><span style=\"color: rgb(4, 51, 255);\"><strong>Task 2: Hypertension<\/strong><\/span><\/div><div>1. Mr. Smith was diagnosed with hypertension 20 years ago. What was the first medication class that he was prescribed?&nbsp;<\/div>","DataExportTag":"Q13","QuestionType":"MC","Selector":"SAVR","SubSelector":"TX","Configuration":{"QuestionDescriptionOption":"UseText"},"QuestionDescription":"Task 2: Hypertension 1. Mr. Smith was diagnosed with hypertension 20 years ago. What was the firs...","Choices":{"1":{"Display":"a. Thiazide"},"2":{"Display":"b. ACE Inhibitor"},"3":{"Display":"c. Calcium channel blocker"},"4":{"Display":"d. Beta blocker"}},"ChoiceOrder":[1,2,3,4],"Validation":{"Settings":{"ForceResponse":"ON","ForceResponseType":"ON","Type":"None"}},"Language":[],"QuestionID":"QID13","GradingData":[{"ChoiceID":"1","Grades":{"SC_9H20TFKf5FcXpY1":"1"},"index":0}]}},{"SurveyID":"SV_eR1ugTwiyXu2xBb","Element":"SQ","PrimaryAttribute":"QID18","SecondaryAttribute":"Task 3: Depression\u00a0 1. You continue with your check-up.\u00a0The patient has a long-standing history o.","TertiaryAttribute":null,"Payload":{"QuestionText":"<div><span style=\"color: rgb(4, 51, 255);\"><strong>Task 3: Depression&nbsp;<\/strong><\/span><\/div><div>1. You continue with your check-up.&nbsp;The patient has a long-standing history of depression. He explains that his depressed mood and lack of interest has become worse in the last year. He admits to no inciting events that have changed in the last year to have caused a change in his mental health. What classes of drugs has he tried in the past for his depression? <b>(Check all that apply.)&nbsp;<\/b><\/div>","DataExportTag":"Q18","QuestionType":"MC","Selector":"MAVR","SubSelector":"TX","Configuration":{"QuestionDescriptionOption":"UseText"},"QuestionDescription":"Task 3: Depression\u00a0 1. You continue with your check-up.\u00a0The patient has a long-standing history o...","Choices":{"1":{"Display":"a. Selective serotonin reuptake inhibitors (SSRIs)"},"2":{"Display":"b. Selective norepinephrine reuptake inhibitors (SNRIs)"},"3":{"Display":"c. Tricyclic antidepressants (TCAs)"},"4":{"Display":"d. Monoamine oxidase inhibitors (MAOIs)"},"5":{"Display":"e. Atypical antidepressants"}},"ChoiceOrder":[1,2,3,4,5],"Validation":{"Settings":{"ForceResponse":"ON","ForceResponseType":"ON","Type":"None"}},"Language":[],"QuestionID":"QID18","GradingData":[{"ChoiceID":"1","Grades":{"SC_9H20TFKf5FcXpY1":"1"},"index":0},{"ChoiceID":"5","Grades":{"SC_9H20TFKf5FcXpY1":"1"},"index":1}]}}]}